
Microsoft Visual Studio Solution File, Format Version 12.00
# Visual Studio 15
VisualStudioVersion = 15.0.27703.2000
MinimumVisualStudioVersion = 10.0.40219.1
Project("{FAE04EC0-301F-11D3-BF4B-00C04F79EFBC}") = "BiayaBelanja", "BiayaBelanja\BiayaBelanja.csproj", "{CFE50977-28BD-40D4-B293-349773FD7C25}"
EndProject
Project("{FAE04EC0-301F-11D3-BF4B-00C04F79EFBC}") = "BelanjaLibrary", "BelanjaLibrary\BelanjaLibrary.csproj", "{E827E02D-546A-46AB-81AC-129652C5CDF1}"
EndProject
Global
	GlobalSection(SolutionConfigurationPlatforms) = preSolution
		Debug|Any CPU = Debug|Any CPU
		Release|Any CPU = Release|Any CPU
	EndGlobalSection
	GlobalSection(ProjectConfigurationPlatforms) = postSolution
		{CFE50977-28BD-40D4-B293-349773FD7C25}.Debug|Any CPU.ActiveCfg = Debug|Any CPU
		{CFE50977-28BD-40D4-B293-349773FD7C25}.Debug|Any CPU.Build.0 = Debug|Any CPU
		{CFE50977-28BD-40D4-B293-349773FD7C25}.Release|Any CPU.ActiveCfg = Release|Any CPU
		{CFE50977-28BD-40D4-B293-349773FD7C25}.Release|Any CPU.Build.0 = Release|Any CPU
		{E827E02D-546A-46AB-81AC-129652C5CDF1}.Debug|Any CPU.ActiveCfg = Debug|Any CPU
		{E827E02D-546A-46AB-81AC-129652C5CDF1}.Debug|Any CPU.Build.0 = Debug|Any CPU
		{E827E02D-546A-46AB-81AC-129652C5CDF1}.Release|Any CPU.ActiveCfg = Release|Any CPU
		{E827E02D-546A-46AB-81AC-129652C5CDF1}.Release|Any CPU.Build.0 = Release|Any CPU
	EndGlobalSection
	GlobalSection(SolutionProperties) = preSolution
		HideSolutionNode = FALSE
	EndGlobalSection
	GlobalSection(ExtensibilityGlobals) = postSolution
		SolutionGuid = {4D5D888A-F735-4BBB-B2D2-EEC50BC4C008}
	EndGlobalSection
EndGlobal
